
Microsoft Visual Studio Solution File, Format Version 12.00
# Visual Studio 15
VisualStudioVersion = 15.0.26730.16
MinimumVisualStudioVersion = 10.0.40219.1
Project("{9A19103F-16F7-4668-BE54-9A1E7A4F7556}") = "mentorient-api", "mentorient-api.csproj", "{25EE17D4-E35A-49C0-AC4D-4A5EAF70902B}"
EndProject
Global
	GlobalSection(SolutionConfigurationPlatforms) = preSolution
		Debug|Any CPU = Debug|Any CPU
		Release|Any CPU = Release|Any CPU
	EndGlobalSection
	GlobalSection(ProjectConfigurationPlatforms) = postSolution
		{25EE17D4-E35A-49C0-AC4D-4A5EAF70902B}.Debug|Any CPU.ActiveCfg = Debug|Any CPU
		{25EE17D4-E35A-49C0-AC4D-4A5EAF70902B}.Debug|Any CPU.Build.0 = Debug|Any CPU
		{25EE17D4-E35A-49C0-AC4D-4A5EAF70902B}.Release|Any CPU.ActiveCfg = Release|Any CPU
		{25EE17D4-E35A-49C0-AC4D-4A5EAF70902B}.Release|Any CPU.Build.0 = Release|Any CPU
	EndGlobalSection
	GlobalSection(SolutionProperties) = preSolution
		HideSolutionNode = FALSE
	EndGlobalSection
	GlobalSection(ExtensibilityGlobals) = postSolution
		SolutionGuid = {519064B2-C978-4499-97B2-106BE1A2F26B}
	EndGlobalSection
EndGlobal
